
Microsoft Visual Studio Solution File, Format Version 12.00
# Visual Studio Version 17
VisualStudioVersion = 17.7.34024.191
MinimumVisualStudioVersion = 10.0.40219.1
Project("{FAE04EC0-301F-11D3-BF4B-00C04F79EFBC}") = "CWU", "CWU\CWU.csproj", "{21E70111-29BF-474A-8B31-877E6880B546}"
EndProject
Global
	GlobalSection(SolutionConfigurationPlatforms) = preSolution
		Debug|Any CPU = Debug|Any CPU
		Release|Any CPU = Release|Any CPU
	EndGlobalSection
	GlobalSection(ProjectConfigurationPlatforms) = postSolution
		{21E70111-29BF-474A-8B31-877E6880B546}.Debug|Any CPU.ActiveCfg = Debug|Any CPU
		{21E70111-29BF-474A-8B31-877E6880B546}.Debug|Any CPU.Build.0 = Debug|Any CPU
		{21E70111-29BF-474A-8B31-877E6880B546}.Release|Any CPU.ActiveCfg = Release|Any CPU
		{21E70111-29BF-474A-8B31-877E6880B546}.Release|Any CPU.Build.0 = Release|Any CPU
	EndGlobalSection
	GlobalSection(SolutionProperties) = preSolution
		HideSolutionNode = FALSE
	EndGlobalSection
	GlobalSection(ExtensibilityGlobals) = postSolution
		SolutionGuid = {1DC67843-2957-4A03-970D-91C93BD507CE}
	EndGlobalSection
EndGlobal
